{
  "name": "cml-narrative",
  "lockfileVersion": 2,
  "requires": true,
  "packages": {
    "": {
      "devDependencies": {
        "svelte-dnd-action": "^0.9.20"
      }
    },
    "node_modules/svelte-dnd-action": {
      "version": "0.9.20",
      "resolved": "https://registry.npmjs.org/svelte-dnd-action/-/svelte-dnd-action-0.9.20.tgz",
      "integrity": "sha512-AJIkSNZMPOLsv8UehA4T7wjOqfVhnvWIpdbZp5rXraUfE7Feo/pKG9xpi+2Op+7PZp9qywdCx7LXvtCh37OEMA==",
      "dev": true
    }
  },
  "dependencies": {
    "svelte-dnd-action": {
      "version": "0.9.20",
      "resolved": "https://registry.npmjs.org/svelte-dnd-action/-/svelte-dnd-action-0.9.20.tgz",
      "integrity": "sha512-AJIkSNZMPOLsv8UehA4T7wjOqfVhnvWIpdbZp5rXraUfE7Feo/pKG9xpi+2Op+7PZp9qywdCx7LXvtCh37OEMA==",
      "dev": true
    }
  }
}
